<?xml version="1.0" encoding="utf-8"?>
<Project ToolsVersion="4.0" xmlns="http://schemas.microsoft.com/developer/msbuild/2003">
  <ItemGroup>
    <ClCompile Include="Main.cpp" />
    <ClCompile Include="stdafx.cpp" />
    <ClCompile Include="Systems\Window.cpp" />
    <ClCompile Include="Systems\Graphics.cpp" />
    <ClCompile Include="Managers\InputManager.cpp" />
    <ClCompile Include="Managers\TimeManager.cpp" />
    <ClCompile Include="Managers\Physics.cpp" />
  </ItemGroup>
  <ItemGroup>
    <ClInclude Include="stdafx.h" />
    <ClInclude Include="Systems\Window.h" />
    <ClInclude Include="Systems\Graphics.h" />
    <ClInclude Include="Managers\InputManager.h" />
    <ClInclude Include="Managers\TimeManager.h" />
    <ClInclude Include="Managers\Physics.h" />
  </ItemGroup>
  <ItemGroup>
    <Filter Include="Systems">
      <UniqueIdentifier>{2e0b3a38-e1b7-48f0-8155-d53f3d04213a}</UniqueIdentifier>
    </Filter>
  </ItemGroup>
</Project>